
Microsoft Visual Studio Solution File, Format Version 12.00
# Visual Studio Version 17
VisualStudioVersion = 17.11.35312.102
MinimumVisualStudioVersion = 10.0.40219.1
Project("{FAE04EC0-301F-11D3-BF4B-00C04F79EFBC}") = "Exercise", "Exam_001\Exercise.csproj", "{D4246918-1B7F-46EA-BECD-658610226129}"
EndProject
Global
	GlobalSection(SolutionConfigurationPlatforms) = preSolution
		Debug|Any CPU = Debug|Any CPU
		Release|Any CPU = Release|Any CPU
	EndGlobalSection
	GlobalSection(ProjectConfigurationPlatforms) = postSolution
		{D4246918-1B7F-46EA-BECD-658610226129}.Debug|Any CPU.ActiveCfg = Debug|Any CPU
		{D4246918-1B7F-46EA-BECD-658610226129}.Debug|Any CPU.Build.0 = Debug|Any CPU
		{D4246918-1B7F-46EA-BECD-658610226129}.Release|Any CPU.ActiveCfg = Release|Any CPU
		{D4246918-1B7F-46EA-BECD-658610226129}.Release|Any CPU.Build.0 = Release|Any CPU
	EndGlobalSection
	GlobalSection(SolutionProperties) = preSolution
		HideSolutionNode = FALSE
	EndGlobalSection
	GlobalSection(ExtensibilityGlobals) = postSolution
		SolutionGuid = {E08888A8-100F-4B21-BB7B-715EA23D6181}
	EndGlobalSection
EndGlobal
